# This file is autogenerated, do not edit; changes may be undone by the next 'dep ensure'.


[[projects]]
  name = "github.com/coreos/go-systemd"
  packages = ["daemon"]
  revision = "40e2722dffead74698ca12a750f64ef313ddce05"
  version = "v16"

[[projects]]
  name = "github.com/eclipse/paho.mqtt.golang"
  packages = [
    ".",
    "packets"
  ]
  revision = "36d01c2b4cbeb3d2a12063e4880ce30800af9560"
  version = "v1.1.1"

[[projects]]
  name = "github.com/influxdata/influxdb"
  packages = [
    "client/v2",
    "models",
    "pkg/escape"
  ]
  revision = "02d7d4f043b34ecb4e9b2dbec298c6f9450c2a32"
  version = "v1.5.2"

[[projects]]
  branch = "master"
  name = "golang.org/x/net"
  packages = [
    "internal/socks",
    "proxy",
    "websocket"
  ]
  revision = "640f4622ab692b87c2f3a94265e6f579fe38263d"

[solve-meta]
  analyzer-name = "dep"
  analyzer-version = 1
  inputs-digest = "2069ff5266ae6b92571d15e1a2eb6e60b67c0cf9045829f3642ee30203459e9c"
  solver-name = "gps-cdcl"
  solver-version = 1
